
Microsoft Visual Studio Solution File, Format Version 12.00
# Visual Studio 15
VisualStudioVersion = 15.0.27703.2018
MinimumVisualStudioVersion = 10.0.40219.1
Project("{FAE04EC0-301F-11D3-BF4B-00C04F79EFBC}") = "Hello", "Hello\Hello.csproj", "{DC420EF9-5BDE-4E03-A4FD-FC648B0FF151}"
EndProject
Global
	GlobalSection(SolutionConfigurationPlatforms) = preSolution
		Debug|Any CPU = Debug|Any CPU
		Release|Any CPU = Release|Any CPU
	EndGlobalSection
	GlobalSection(ProjectConfigurationPlatforms) = postSolution
		{DC420EF9-5BDE-4E03-A4FD-FC648B0FF151}.Debug|Any CPU.ActiveCfg = Debug|Any CPU
		{DC420EF9-5BDE-4E03-A4FD-FC648B0FF151}.Debug|Any CPU.Build.0 = Debug|Any CPU
		{DC420EF9-5BDE-4E03-A4FD-FC648B0FF151}.Release|Any CPU.ActiveCfg = Release|Any CPU
		{DC420EF9-5BDE-4E03-A4FD-FC648B0FF151}.Release|Any CPU.Build.0 = Release|Any CPU
	EndGlobalSection
	GlobalSection(SolutionProperties) = preSolution
		HideSolutionNode = FALSE
	EndGlobalSection
	GlobalSection(ExtensibilityGlobals) = postSolution
		SolutionGuid = {B9FB16FB-6A78-45FE-AB30-CFED6AFDEAB9}
	EndGlobalSection
EndGlobal
